{
  "name": "pedro-portfolio",
  "version": "0.1.0",
  "lockfileVersion": 3,
  "packages": {},
  "dependencies": {
    "react": {
      "version": "18.2.0"
    },
    "react-dom": {
      "version": "18.2.0"
    },
    "react-scripts": {
      "version": "5.0.1"
    },
    "lucide-react": {
      "version": "0.263.1"
    }
  }
}
